# This file was autogenerated by Stack.
# You should not edit this file by hand.
# For more information, please see the documentation at:
#   https://docs.haskellstack.org/en/stable/lock_files

packages:
- completed:
    cabal-file:
      size: 7470
      sha256: 58c2ad212342baee20dfbf2044053f12e36ccce560bc19d88fcce722110c10be
    name: liquid-fixpoint
    version: 0.8.10.2.1
    git: https://github.com/ucsd-progsys/liquid-fixpoint.git
    pantry-tree:
      size: 20518
      sha256: d33918825151921469f4f38b4236eb37b6defead91ca267b4eb45728f688f0db
    commit: a66770f9c9f2530ffc052ca63e1f50be39280b16
  original:
    git: https://github.com/ucsd-progsys/liquid-fixpoint.git
    commit: a66770f9c9f2530ffc052ca63e1f50be39280b16
- completed:
    cabal-file:
      size: 15689
      sha256: 4086fb96f49a13cf2fab5d3662638bfa9450ddbb179ac6829fd2c0747770a141
    name: liquidhaskell
    version: 0.8.10.2.1
    git: https://github.com/ucsd-progsys/liquidhaskell.git
    pantry-tree:
      size: 293134
      sha256: 8adc25c36a68a3ac4346f07d39b1db3737765c80ce5ebab5b991393108f4235a
    commit: 92f5c6154e31ce883dd50cb8db0ef665eb17e052
  original:
    git: https://github.com/ucsd-progsys/liquidhaskell.git
    commit: 92f5c6154e31ce883dd50cb8db0ef665eb17e052
- completed:
    cabal-file:
      size: 1763
      sha256: 8d99d771235d388ed54393faa2712c880e60b659fa574877fc5f383d4d49f4ed
    name: liquid-ghc-prim
    version: 0.7.0
    git: https://github.com/liquidhaskell/liquid-ghc-prim.git
    pantry-tree:
      size: 1120
      sha256: 56a023b57de9b63e4dc07d0f99ef2fe258f4b0b60e480f4a786d28ce7f95a591
    commit: 75eaade086ef4aa4c453b1d88ad052f9db7fa673
  original:
    git: https://github.com/liquidhaskell/liquid-ghc-prim.git
    commit: 75eaade086ef4aa4c453b1d88ad052f9db7fa673
- completed:
    hackage: th-compat-0.1.1@sha256:62f2dbddb23e0af39a4ea2f185911b172bc7533df3ca9b6ac9a6b22fc69e5831,2820
    pantry-tree:
      size: 530
      sha256: 32aacd7a81c109aca6c06a623a2bbc52bfc9702b64d7afe0cd4b9570bc3d431f
  original:
    hackage: th-compat-0.1.1@sha256:62f2dbddb23e0af39a4ea2f185911b172bc7533df3ca9b6ac9a6b22fc69e5831,2820
- completed:
    hackage: extra-1.7.9@sha256:f1dec740f0f2025790c540732bfd52c556ec55bde4f5dfd7cf18e22bd44ff3d0,2683
    pantry-tree:
      size: 1896
      sha256: b55085710e438d198b3552b9eeba2199cd986e326c755a7449f7d171bcb7effc
  original:
    hackage: extra-1.7.9
- completed:
    hackage: optics-core-0.4@sha256:59e04aebca536bd011ae50c781937f45af4c1456af1eb9fb578f9a69eee293cd,4995
    pantry-tree:
      size: 5315
      sha256: 0b8b5824efec35faede5a4c5d7c6f47c6b4708885942f7a7f73c892a5c3c5738
  original:
    hackage: optics-core-0.4
- completed:
    hackage: optics-th-0.4@sha256:7c838b5b1d6998133bf8f0641c36197ed6cb468dc69515e1952f33f0bbe8e11d,2009
    pantry-tree:
      size: 741
      sha256: 41e77d095f528791a181589af631373d2a2fa63ab43564462cd2ce2a185ec3a8
  original:
    hackage: optics-th-0.4
- completed:
    hackage: optics-extra-0.4@sha256:b9914f38aa7d5c92f231060d9168447f9f5a367c07df9bf47a003e3e786d5e05,3432
    pantry-tree:
      size: 1809
      sha256: 6427b6a63e3a6fbb20987dffc1ce6fabfbf7da108b6e38ef9c6343db3c858706
  original:
    hackage: optics-extra-0.4
- completed:
    hackage: indexed-traversable-0.1.1@sha256:e330ec1ab336ee2fb1eff117ebe3480d1663396fecd981f185b7123dc7941ae1,2469
    pantry-tree:
      size: 495
      sha256: 52d8bab517f47381ad864f636c89c5d23bc862c28d7bd826f930975c3c37a228
  original:
    hackage: indexed-traversable-0.1.1@sha256:e330ec1ab336ee2fb1eff117ebe3480d1663396fecd981f185b7123dc7941ae1,2469
- completed:
    hackage: indexed-traversable-instances-0.1@sha256:3aaf97040001bbe583e29c2b9c7d41660df265e6565a0d2ac09a3ed5b8bc21be,2874
    pantry-tree:
      size: 427
      sha256: d69630ba4b548b72eed15553586ce7b1e574cd8e4cc5b30d506ab3a697b26502
  original:
    hackage: indexed-traversable-instances-0.1@sha256:3aaf97040001bbe583e29c2b9c7d41660df265e6565a0d2ac09a3ed5b8bc21be,2874
snapshots:
- completed:
    size: 563103
    url: https://raw.githubusercontent.com/commercialhaskell/stackage-snapshots/master/lts/17/4.yaml
    sha256: f11e2153044f5f71ea7b1c9398f4721f517c9bd37642ed769647b896564021f3
  original: lts-17.4
